
Microsoft Visual Studio Solution File, Format Version 12.00
# Visual Studio Version 16
VisualStudioVersion = 16.0.29920.165
MinimumVisualStudioVersion = 10.0.40219.1
Project("{FAE04EC0-301F-11D3-BF4B-00C04F79EFBC}") = "WpfApp1", "WpfApp1.csproj", "{971448E4-8B02-4732-96F1-AF3CE1BD51EB}"
EndProject
Global
	GlobalSection(SolutionConfigurationPlatforms) = preSolution
		Debug|Any CPU = Debug|Any CPU
		Release|Any CPU = Release|Any CPU
	EndGlobalSection
	GlobalSection(ProjectConfigurationPlatforms) = postSolution
		{971448E4-8B02-4732-96F1-AF3CE1BD51EB}.Debug|Any CPU.ActiveCfg = Debug|Any CPU
		{971448E4-8B02-4732-96F1-AF3CE1BD51EB}.Debug|Any CPU.Build.0 = Debug|Any CPU
		{971448E4-8B02-4732-96F1-AF3CE1BD51EB}.Release|Any CPU.ActiveCfg = Release|Any CPU
		{971448E4-8B02-4732-96F1-AF3CE1BD51EB}.Release|Any CPU.Build.0 = Release|Any CPU
	EndGlobalSection
	GlobalSection(SolutionProperties) = preSolution
		HideSolutionNode = FALSE
	EndGlobalSection
	GlobalSection(ExtensibilityGlobals) = postSolution
		SolutionGuid = {71F2B8CB-249E-4D7D-A5B0-8CFD6D8DEE55}
	EndGlobalSection
EndGlobal
